
Microsoft Visual Studio Solution File, Format Version 12.00
# Visual Studio Version 17
VisualStudioVersion = 17.0.32112.339
MinimumVisualStudioVersion = 10.0.40219.1
Project("{FAE04EC0-301F-11D3-BF4B-00C04F79EFBC}") = "Client", "Client\Client.csproj", "{0C415174-05DB-420E-A814-6ED654D71854}"
EndProject
Global
	GlobalSection(SolutionConfigurationPlatforms) = preSolution
		Debug|Any CPU = Debug|Any CPU
		Release|Any CPU = Release|Any CPU
	EndGlobalSection
	GlobalSection(ProjectConfigurationPlatforms) = postSolution
		{0C415174-05DB-420E-A814-6ED654D71854}.Debug|Any CPU.ActiveCfg = Debug|Any CPU
		{0C415174-05DB-420E-A814-6ED654D71854}.Debug|Any CPU.Build.0 = Debug|Any CPU
		{0C415174-05DB-420E-A814-6ED654D71854}.Release|Any CPU.ActiveCfg = Release|Any CPU
		{0C415174-05DB-420E-A814-6ED654D71854}.Release|Any CPU.Build.0 = Release|Any CPU
	EndGlobalSection
	GlobalSection(SolutionProperties) = preSolution
		HideSolutionNode = FALSE
	EndGlobalSection
	GlobalSection(ExtensibilityGlobals) = postSolution
		SolutionGuid = {37BF9682-A20D-44A7-B6BF-DFCEE949B8F9}
	EndGlobalSection
EndGlobal
